
Microsoft Visual Studio Solution File, Format Version 12.00
# Visual Studio Version 17
VisualStudioVersion = 17.14.36414.22 d17.14
MinimumVisualStudioVersion = 10.0.40219.1
Project("{FAE04EC0-301F-11D3-BF4B-00C04F79EFBC}") = "Web-API-versioning.API", "Web-API-versioning.API\Web-API-versioning.API.csproj", "{2C85C206-332E-4D7A-BEC7-DC0D10E86FC5}"
EndProject
Global
	GlobalSection(SolutionConfigurationPlatforms) = preSolution
		Debug|Any CPU = Debug|Any CPU
		Release|Any CPU = Release|Any CPU
	EndGlobalSection
	GlobalSection(ProjectConfigurationPlatforms) = postSolution
		{2C85C206-332E-4D7A-BEC7-DC0D10E86FC5}.Debug|Any CPU.ActiveCfg = Debug|Any CPU
		{2C85C206-332E-4D7A-BEC7-DC0D10E86FC5}.Debug|Any CPU.Build.0 = Debug|Any CPU
		{2C85C206-332E-4D7A-BEC7-DC0D10E86FC5}.Release|Any CPU.ActiveCfg = Release|Any CPU
		{2C85C206-332E-4D7A-BEC7-DC0D10E86FC5}.Release|Any CPU.Build.0 = Release|Any CPU
	EndGlobalSection
	GlobalSection(SolutionProperties) = preSolution
		HideSolutionNode = FALSE
	EndGlobalSection
	GlobalSection(ExtensibilityGlobals) = postSolution
		SolutionGuid = {052A6F56-0A31-4443-8C2B-5A94789F09D0}
	EndGlobalSection
EndGlobal
